
Microsoft Visual Studio Solution File, Format Version 12.00
# Visual Studio Version 16
VisualStudioVersion = 16.0.32002.261
MinimumVisualStudioVersion = 10.0.40219.1
Project("{9A19103F-16F7-4668-BE54-9A1E7A4F7556}") = "Pinochle", "Pinochle\Pinochle.csproj", "{263C04D9-1E62-40EC-950C-0C9BB10C718A}"
EndProject
Project("{9A19103F-16F7-4668-BE54-9A1E7A4F7556}") = "Nez.MG38", "..\Nez-master\Nez.Portable\Nez.MG38.csproj", "{F92F68E1-AC15-413B-BB67-D53F72E115C4}"
EndProject
Global
	GlobalSection(SolutionConfigurationPlatforms) = preSolution
		Debug|Any CPU = Debug|Any CPU
		Release|Any CPU = Release|Any CPU
	EndGlobalSection
	GlobalSection(ProjectConfigurationPlatforms) = postSolution
		{263C04D9-1E62-40EC-950C-0C9BB10C718A}.Debug|Any CPU.ActiveCfg = Debug|Any CPU
		{263C04D9-1E62-40EC-950C-0C9BB10C718A}.Debug|Any CPU.Build.0 = Debug|Any CPU
		{263C04D9-1E62-40EC-950C-0C9BB10C718A}.Release|Any CPU.ActiveCfg = Release|Any CPU
		{263C04D9-1E62-40EC-950C-0C9BB10C718A}.Release|Any CPU.Build.0 = Release|Any CPU
		{F92F68E1-AC15-413B-BB67-D53F72E115C4}.Debug|Any CPU.ActiveCfg = Debug|Any CPU
		{F92F68E1-AC15-413B-BB67-D53F72E115C4}.Debug|Any CPU.Build.0 = Debug|Any CPU
		{F92F68E1-AC15-413B-BB67-D53F72E115C4}.Release|Any CPU.ActiveCfg = Release|Any CPU
		{F92F68E1-AC15-413B-BB67-D53F72E115C4}.Release|Any CPU.Build.0 = Release|Any CPU
	EndGlobalSection
	GlobalSection(SolutionProperties) = preSolution
		HideSolutionNode = FALSE
	EndGlobalSection
	GlobalSection(ExtensibilityGlobals) = postSolution
		SolutionGuid = {64B95DC7-DD55-4561-B12B-AB25AEC79DE8}
	EndGlobalSection
EndGlobal
